
Microsoft Visual Studio Solution File, Format Version 12.00
# Visual Studio 2013
VisualStudioVersion = 12.0.31101.0
MinimumVisualStudioVersion = 10.0.40219.1
Project("{FAE04EC0-301F-11D3-BF4B-00C04F79EFBC}") = "WinForms", "WinForms\WinForms.csproj", "{5BAB70D4-4159-4FE0-B02B-87E2DCF6D728}"
EndProject
Project("{FAE04EC0-301F-11D3-BF4B-00C04F79EFBC}") = "Common", "Common\Common.csproj", "{751E11B8-6C64-49B6-92B5-A2E78447EA99}"
EndProject
Project("{2150E333-8FDC-42A3-9474-1A3956D46DE8}") = ".nuget", ".nuget", "{AFAAB780-F0DB-471E-9C13-250062934300}"
	ProjectSection(SolutionItems) = preProject
		.nuget\NuGet.Config = .nuget\NuGet.Config
		.nuget\NuGet.exe = .nuget\NuGet.exe
		.nuget\NuGet.targets = .nuget\NuGet.targets
	EndProjectSection
EndProject
Project("{FAE04EC0-301F-11D3-BF4B-00C04F79EFBC}") = "QL", "QL\QL.csproj", "{B564BC9E-45A5-4658-8FFE-BC6929A6566F}"
EndProject
Project("{FAE04EC0-301F-11D3-BF4B-00C04F79EFBC}") = "QL.Test", "QL.Test\QL.Test.csproj", "{D118FC2C-B7F8-4BD0-8D85-9719D101892A}"
EndProject
Project("{FAE04EC0-301F-11D3-BF4B-00C04F79EFBC}") = "QLS", "QLS\QLS.csproj", "{AFFAEEBF-AF97-4C93-B471-F892DE2E1325}"
EndProject
Project("{FAE04EC0-301F-11D3-BF4B-00C04F79EFBC}") = "QLS.Test", "QLS.Test\QLS.Test.csproj", "{C74D9219-15DF-4779-8857-7FA1DD780E27}"
EndProject
Project("{FAE04EC0-301F-11D3-BF4B-00C04F79EFBC}") = "QL.Runtime", "QL.Runtime\QL.Runtime.csproj", "{C7EA29F7-CDAD-4E65-B863-43403135B298}"
EndProject
Project("{FAE04EC0-301F-11D3-BF4B-00C04F79EFBC}") = "QL.Runtime.Test", "QL.Runtime.Test\QL.Runtime.Test.csproj", "{51D2D6BD-AEAF-4FF5-A919-1C7437BAF2F1}"
EndProject
Project("{FAE04EC0-301F-11D3-BF4B-00C04F79EFBC}") = "QLS.Runtime", "QLS.Runtime\QLS.Runtime.csproj", "{7BF8B6FB-EC40-48DA-A702-5D3A926A7E22}"
EndProject
Global
	GlobalSection(SolutionConfigurationPlatforms) = preSolution
		Debug|Any CPU = Debug|Any CPU
		Release|Any CPU = Release|Any CPU
	EndGlobalSection
	GlobalSection(ProjectConfigurationPlatforms) = postSolution
		{5BAB70D4-4159-4FE0-B02B-87E2DCF6D728}.Debug|Any CPU.ActiveCfg = Debug|Any CPU
		{5BAB70D4-4159-4FE0-B02B-87E2DCF6D728}.Debug|Any CPU.Build.0 = Debug|Any CPU
		{5BAB70D4-4159-4FE0-B02B-87E2DCF6D728}.Release|Any CPU.ActiveCfg = Release|Any CPU
		{5BAB70D4-4159-4FE0-B02B-87E2DCF6D728}.Release|Any CPU.Build.0 = Release|Any CPU
		{751E11B8-6C64-49B6-92B5-A2E78447EA99}.Debug|Any CPU.ActiveCfg = Debug|Any CPU
		{751E11B8-6C64-49B6-92B5-A2E78447EA99}.Debug|Any CPU.Build.0 = Debug|Any CPU
		{751E11B8-6C64-49B6-92B5-A2E78447EA99}.Release|Any CPU.ActiveCfg = Release|Any CPU
		{751E11B8-6C64-49B6-92B5-A2E78447EA99}.Release|Any CPU.Build.0 = Release|Any CPU
		{B564BC9E-45A5-4658-8FFE-BC6929A6566F}.Debug|Any CPU.ActiveCfg = Debug|Any CPU
		{B564BC9E-45A5-4658-8FFE-BC6929A6566F}.Debug|Any CPU.Build.0 = Debug|Any CPU
		{B564BC9E-45A5-4658-8FFE-BC6929A6566F}.Release|Any CPU.ActiveCfg = Release|Any CPU
		{B564BC9E-45A5-4658-8FFE-BC6929A6566F}.Release|Any CPU.Build.0 = Release|Any CPU
		{D118FC2C-B7F8-4BD0-8D85-9719D101892A}.Debug|Any CPU.ActiveCfg = Debug|Any CPU
		{D118FC2C-B7F8-4BD0-8D85-9719D101892A}.Debug|Any CPU.Build.0 = Debug|Any CPU
		{D118FC2C-B7F8-4BD0-8D85-9719D101892A}.Release|Any CPU.ActiveCfg = Release|Any CPU
		{D118FC2C-B7F8-4BD0-8D85-9719D101892A}.Release|Any CPU.Build.0 = Release|Any CPU
		{AFFAEEBF-AF97-4C93-B471-F892DE2E1325}.Debug|Any CPU.ActiveCfg = Debug|Any CPU
		{AFFAEEBF-AF97-4C93-B471-F892DE2E1325}.Debug|Any CPU.Build.0 = Debug|Any CPU
		{AFFAEEBF-AF97-4C93-B471-F892DE2E1325}.Release|Any CPU.ActiveCfg = Release|Any CPU
		{AFFAEEBF-AF97-4C93-B471-F892DE2E1325}.Release|Any CPU.Build.0 = Release|Any CPU
		{C74D9219-15DF-4779-8857-7FA1DD780E27}.Debug|Any CPU.ActiveCfg = Debug|Any CPU
		{C74D9219-15DF-4779-8857-7FA1DD780E27}.Debug|Any CPU.Build.0 = Debug|Any CPU
		{C74D9219-15DF-4779-8857-7FA1DD780E27}.Release|Any CPU.ActiveCfg = Release|Any CPU
		{C74D9219-15DF-4779-8857-7FA1DD780E27}.Release|Any CPU.Build.0 = Release|Any CPU
		{C7EA29F7-CDAD-4E65-B863-43403135B298}.Debug|Any CPU.ActiveCfg = Debug|Any CPU
		{C7EA29F7-CDAD-4E65-B863-43403135B298}.Debug|Any CPU.Build.0 = Debug|Any CPU
		{C7EA29F7-CDAD-4E65-B863-43403135B298}.Release|Any CPU.ActiveCfg = Release|Any CPU
		{C7EA29F7-CDAD-4E65-B863-43403135B298}.Release|Any CPU.Build.0 = Release|Any CPU
		{51D2D6BD-AEAF-4FF5-A919-1C7437BAF2F1}.Debug|Any CPU.ActiveCfg = Debug|Any CPU
		{51D2D6BD-AEAF-4FF5-A919-1C7437BAF2F1}.Debug|Any CPU.Build.0 = Debug|Any CPU
		{51D2D6BD-AEAF-4FF5-A919-1C7437BAF2F1}.Release|Any CPU.ActiveCfg = Release|Any CPU
		{51D2D6BD-AEAF-4FF5-A919-1C7437BAF2F1}.Release|Any CPU.Build.0 = Release|Any CPU
		{7BF8B6FB-EC40-48DA-A702-5D3A926A7E22}.Debug|Any CPU.ActiveCfg = Debug|Any CPU
		{7BF8B6FB-EC40-48DA-A702-5D3A926A7E22}.Debug|Any CPU.Build.0 = Debug|Any CPU
		{7BF8B6FB-EC40-48DA-A702-5D3A926A7E22}.Release|Any CPU.ActiveCfg = Release|Any CPU
		{7BF8B6FB-EC40-48DA-A702-5D3A926A7E22}.Release|Any CPU.Build.0 = Release|Any CPU
	EndGlobalSection
	GlobalSection(SolutionProperties) = preSolution
		HideSolutionNode = FALSE
	EndGlobalSection
EndGlobal
